
Microsoft Visual Studio Solution File, Format Version 12.00
# Visual Studio Version 17
VisualStudioVersion = 17.0.31710.8
MinimumVisualStudioVersion = 10.0.40219.1
Project("{FAE04EC0-301F-11D3-BF4B-00C04F79EFBC}") = "MyDelegate", "MyDelegate\MyDelegate.csproj", "{1441A9EF-4F54-46C0-A9B2-F6F03A6CC389}"
EndProject
Project("{9A19103F-16F7-4668-BE54-9A1E7A4F7556}") = "MyThread", "MyThread\MyThread.csproj", "{81C09D41-85B4-4FCC-BA8B-6187FA486277}"
EndProject
Project("{9A19103F-16F7-4668-BE54-9A1E7A4F7556}") = "MyThreadPool", "MyThreadPool\MyThreadPool.csproj", "{90BD7BCB-0535-4D24-BCAB-45B2AE0C6F6D}"
EndProject
Project("{FAE04EC0-301F-11D3-BF4B-00C04F79EFBC}") = "MyTask", "MyTask\MyTask.csproj", "{F8B05269-ABBC-4285-BF07-385119C4F677}"
EndProject
Project("{FAE04EC0-301F-11D3-BF4B-00C04F79EFBC}") = "MyParallel", "MyParallel\MyParallel.csproj", "{84161529-DE46-4C53-AB32-1E5A9F708018}"
EndProject
Global
	GlobalSection(SolutionConfigurationPlatforms) = preSolution
		Debug|Any CPU = Debug|Any CPU
		Release|Any CPU = Release|Any CPU
	EndGlobalSection
	GlobalSection(ProjectConfigurationPlatforms) = postSolution
		{1441A9EF-4F54-46C0-A9B2-F6F03A6CC389}.Debug|Any CPU.ActiveCfg = Debug|Any CPU
		{1441A9EF-4F54-46C0-A9B2-F6F03A6CC389}.Debug|Any CPU.Build.0 = Debug|Any CPU
		{1441A9EF-4F54-46C0-A9B2-F6F03A6CC389}.Release|Any CPU.ActiveCfg = Release|Any CPU
		{1441A9EF-4F54-46C0-A9B2-F6F03A6CC389}.Release|Any CPU.Build.0 = Release|Any CPU
		{81C09D41-85B4-4FCC-BA8B-6187FA486277}.Debug|Any CPU.ActiveCfg = Debug|Any CPU
		{81C09D41-85B4-4FCC-BA8B-6187FA486277}.Debug|Any CPU.Build.0 = Debug|Any CPU
		{81C09D41-85B4-4FCC-BA8B-6187FA486277}.Release|Any CPU.ActiveCfg = Release|Any CPU
		{81C09D41-85B4-4FCC-BA8B-6187FA486277}.Release|Any CPU.Build.0 = Release|Any CPU
		{90BD7BCB-0535-4D24-BCAB-45B2AE0C6F6D}.Debug|Any CPU.ActiveCfg = Debug|Any CPU
		{90BD7BCB-0535-4D24-BCAB-45B2AE0C6F6D}.Debug|Any CPU.Build.0 = Debug|Any CPU
		{90BD7BCB-0535-4D24-BCAB-45B2AE0C6F6D}.Release|Any CPU.ActiveCfg = Release|Any CPU
		{90BD7BCB-0535-4D24-BCAB-45B2AE0C6F6D}.Release|Any CPU.Build.0 = Release|Any CPU
		{F8B05269-ABBC-4285-BF07-385119C4F677}.Debug|Any CPU.ActiveCfg = Debug|Any CPU
		{F8B05269-ABBC-4285-BF07-385119C4F677}.Debug|Any CPU.Build.0 = Debug|Any CPU
		{F8B05269-ABBC-4285-BF07-385119C4F677}.Release|Any CPU.ActiveCfg = Release|Any CPU
		{F8B05269-ABBC-4285-BF07-385119C4F677}.Release|Any CPU.Build.0 = Release|Any CPU
		{84161529-DE46-4C53-AB32-1E5A9F708018}.Debug|Any CPU.ActiveCfg = Debug|Any CPU
		{84161529-DE46-4C53-AB32-1E5A9F708018}.Debug|Any CPU.Build.0 = Debug|Any CPU
		{84161529-DE46-4C53-AB32-1E5A9F708018}.Release|Any CPU.ActiveCfg = Release|Any CPU
		{84161529-DE46-4C53-AB32-1E5A9F708018}.Release|Any CPU.Build.0 = Release|Any CPU
	EndGlobalSection
	GlobalSection(SolutionProperties) = preSolution
		HideSolutionNode = FALSE
	EndGlobalSection
	GlobalSection(ExtensibilityGlobals) = postSolution
		SolutionGuid = {9847EB86-3A04-4783-A1C7-8F78E157986C}
	EndGlobalSection
EndGlobal
